
Microsoft Visual Studio Solution File, Format Version 12.00
# Visual Studio 2012
Project("{FAE04EC0-301F-11D3-BF4B-00C04F79EFBC}") = "IPLogger", "IPLogger\IPLogger.csproj", "{56541307-77E5-47EC-A6AA-0D482C8C3180}"
EndProject
Global
	GlobalSection(SolutionConfigurationPlatforms) = preSolution
		Debug|Any CPU = Debug|Any CPU
		Release|Any CPU = Release|Any CPU
	EndGlobalSection
	GlobalSection(ProjectConfigurationPlatforms) = postSolution
		{56541307-77E5-47EC-A6AA-0D482C8C3180}.Debug|Any CPU.ActiveCfg = Debug|Any CPU
		{56541307-77E5-47EC-A6AA-0D482C8C3180}.Debug|Any CPU.Build.0 = Debug|Any CPU
		{56541307-77E5-47EC-A6AA-0D482C8C3180}.Release|Any CPU.ActiveCfg = Release|Any CPU
		{56541307-77E5-47EC-A6AA-0D482C8C3180}.Release|Any CPU.Build.0 = Release|Any CPU
	EndGlobalSection
	GlobalSection(SolutionProperties) = preSolution
		HideSolutionNode = FALSE
	EndGlobalSection
EndGlobal
